// !$*UTF8*$!
{
	archiveVersion = 1;
	classes = {
	};
	objectVersion = 56;
	objects = {

/* Begin PBXBuildFile section */
		06A284B52C33EE66008387C1 /* AppDelegate.swift in Sources */ = {isa = PBXBuildFile; fileRef = 06A284B42C33EE66008387C1 /* AppDelegate.swift */; };
		06A284B72C33EE66008387C1 /* SceneDelegate.swift in Sources */ = {isa = PBXBuildFile; fileRef = 06A284B62C33EE66008387C1 /* SceneDelegate.swift */; };
		06A284BE2C33EE67008387C1 /* Assets.xcassets in Resources */ = {isa = PBXBuildFile; fileRef = 06A284BD2C33EE67008387C1 /* Assets.xcassets */; };
		06A284C12C33EE67008387C1 /* Base in Resources */ = {isa = PBXBuildFile; fileRef = 06A284C02C33EE67008387C1 /* Base */; };
		06A284C92C33EE91008387C1 /* .gitignore in Resources */ = {isa = PBXBuildFile; fileRef = 06A284C82C33EE91008387C1 /* .gitignore */; };
		06A284CE2C33EFB8008387C1 /* ListViewController.swift in Sources */ = {isa = PBXBuildFile; fileRef = 06A284CD2C33EFB8008387C1 /* ListViewController.swift */; };
		06A284D32C33F005008387C1 /* ReuseIdentifier+.swift in Sources */ = {isa = PBXBuildFile; fileRef = 06A284D22C33F005008387C1 /* ReuseIdentifier+.swift */; };
		06A284D62C33F021008387C1 /* BaseView.swift in Sources */ = {isa = PBXBuildFile; fileRef = 06A284D52C33F021008387C1 /* BaseView.swift */; };
		06A284D82C33F02B008387C1 /* BaseViewController.swift in Sources */ = {isa = PBXBuildFile; fileRef = 06A284D72C33F02B008387C1 /* BaseViewController.swift */; };
		06A284DA2C33F042008387C1 /* BaseTableViewCell.swift in Sources */ = {isa = PBXBuildFile; fileRef = 06A284D92C33F042008387C1 /* BaseTableViewCell.swift */; };
		06A284DD2C33F0B5008387C1 /* Then in Frameworks */ = {isa = PBXBuildFile; productRef = 06A284DC2C33F0B5008387C1 /* Then */; };
		06A284E02C33F0DB008387C1 /* RealmSwift in Frameworks */ = {isa = PBXBuildFile; productRef = 06A284DF2C33F0DB008387C1 /* RealmSwift */; };
		06A284E32C33F0E8008387C1 /* SnapKit in Frameworks */ = {isa = PBXBuildFile; productRef = 06A284E22C33F0E8008387C1 /* SnapKit */; };
		06A284E42C33F11A008387C1 /* RealmSwift in Embed Frameworks */ = {isa = PBXBuildFile; productRef = 06A284DF2C33F0DB008387C1 /* RealmSwift */; settings = {ATTRIBUTES = (CodeSignOnCopy, ); }; };
		06A284E72C33F8D4008387C1 /* ListTableViewCell.swift in Sources */ = {isa = PBXBuildFile; fileRef = 06A284E62C33F8D4008387C1 /* ListTableViewCell.swift */; };
		06A284E92C340098008387C1 /* Color+.swift in Sources */ = {isa = PBXBuildFile; fileRef = 06A284E82C340098008387C1 /* Color+.swift */; };
		06A284EC2C3400E7008387C1 /* MainTitle.swift in Sources */ = {isa = PBXBuildFile; fileRef = 06A284EB2C3400E7008387C1 /* MainTitle.swift */; };
		06A284EE2C3402D7008387C1 /* TodoListModel.swift in Sources */ = {isa = PBXBuildFile; fileRef = 06A284ED2C3402D7008387C1 /* TodoListModel.swift */; };
		06A284F02C341A64008387C1 /* AddTodoViewController.swift in Sources */ = {isa = PBXBuildFile; fileRef = 06A284EF2C341A64008387C1 /* AddTodoViewController.swift */; };
		06A284F22C34204C008387C1 /* Placeholder.swift in Sources */ = {isa = PBXBuildFile; fileRef = 06A284F12C34204C008387C1 /* Placeholder.swift */; };
		06A284F52C345153008387C1 /* IQKeyboardManagerSwift in Frameworks */ = {isa = PBXBuildFile; productRef = 06A284F42C345153008387C1 /* IQKeyboardManagerSwift */; };
		06D5CF8F2C3451C50093E55A /* ViewController+.swift in Sources */ = {isa = PBXBuildFile; fileRef = 06D5CF8E2C3451C50093E55A /* ViewController+.swift */; };
		06D5CF942C358AEE0093E55A /* MainListViewController.swift in Sources */ = {isa = PBXBuildFile; fileRef = 06D5CF932C358AEE0093E55A /* MainListViewController.swift */; };
		06D5CF962C358EDD0093E55A /* AddTodoTableViewCell.swift in Sources */ = {isa = PBXBuildFile; fileRef = 06D5CF952C358EDD0093E55A /* AddTodoTableViewCell.swift */; };
		06D5CF982C358F5E0093E55A /* Image+.swift in Sources */ = {isa = PBXBuildFile; fileRef = 06D5CF972C358F5E0093E55A /* Image+.swift */; };
		06D5CF9A2C35910B0093E55A /* AddTodoTitle.swift in Sources */ = {isa = PBXBuildFile; fileRef = 06D5CF992C35910B0093E55A /* AddTodoTitle.swift */; };
		06D5CF9C2C3596A80093E55A /* OptionAddTodoViewController.swift in Sources */ = {isa = PBXBuildFile; fileRef = 06D5CF9B2C3596A80093E55A /* OptionAddTodoViewController.swift */; };
		06D5CF9F2C35970A0093E55A /* OptionAddTodoView.swift in Sources */ = {isa = PBXBuildFile; fileRef = 06D5CF9E2C35970A0093E55A /* OptionAddTodoView.swift */; };
/* End PBXBuildFile section */

/* Begin PBXCopyFilesBuildPhase section */
		06A284E52C33F11A008387C1 /* Embed Frameworks */ = {
			isa = PBXCopyFilesBuildPhase;
			buildActionMask = 2147483647;
			dstPath = "";
			dstSubfolderSpec = 10;
			files = (
				06A284E42C33F11A008387C1 /* RealmSwift in Embed Frameworks */,
			);
			name = "Embed Frameworks";
			runOnlyForDeploymentPostprocessing = 0;
		};
/* End PBXCopyFilesBuildPhase section */

/* Begin PBXFileReference section */
		06A284B12C33EE66008387C1 /* ReminderProject.app */ = {isa = PBXFileReference; explicitFileType = wrapper.application; includeInIndex = 0; path = ReminderProject.app; sourceTree = BUILT_PRODUCTS_DIR; };
		06A284B42C33EE66008387C1 /* AppDelegate.swift */ = {isa = PBXFileReference; lastKnownFileType = sourcecode.swift; path = AppDelegate.swift; sourceTree = "<group>"; };
		06A284B62C33EE66008387C1 /* SceneDelegate.swift */ = {isa = PBXFileReference; lastKnownFileType = sourcecode.swift; path = SceneDelegate.swift; sourceTree = "<group>"; };
		06A284BD2C33EE67008387C1 /* Assets.xcassets */ = {isa = PBXFileReference; lastKnownFileType = folder.assetcatalog; path = Assets.xcassets; sourceTree = "<group>"; };
		06A284C02C33EE67008387C1 /* Base */ = {isa = PBXFileReference; lastKnownFileType = file.storyboard; name = Base; path = Base.lproj/LaunchScreen.storyboard; sourceTree = "<group>"; };
		06A284C22C33EE67008387C1 /* Info.plist */ = {isa = PBXFileReference; lastKnownFileType = text.plist.xml; path = Info.plist; sourceTree = "<group>"; };
		06A284C82C33EE91008387C1 /* .gitignore */ = {isa = PBXFileReference; lastKnownFileType = text; path = .gitignore; sourceTree = "<group>"; };
		06A284CD2C33EFB8008387C1 /* ListViewController.swift */ = {isa = PBXFileReference; lastKnownFileType = sourcecode.swift; path = ListViewController.swift; sourceTree = "<group>"; };
		06A284D22C33F005008387C1 /* ReuseIdentifier+.swift */ = {isa = PBXFileReference; lastKnownFileType = sourcecode.swift; path = "ReuseIdentifier+.swift"; sourceTree = "<group>"; };
		06A284D52C33F021008387C1 /* BaseView.swift */ = {isa = PBXFileReference; lastKnownFileType = sourcecode.swift; path = BaseView.swift; sourceTree = "<group>"; };
		06A284D72C33F02B008387C1 /* BaseViewController.swift */ = {isa = PBXFileReference; lastKnownFileType = sourcecode.swift; path = BaseViewController.swift; sourceTree = "<group>"; };
		06A284D92C33F042008387C1 /* BaseTableViewCell.swift */ = {isa = PBXFileReference; lastKnownFileType = sourcecode.swift; path = BaseTableViewCell.swift; sourceTree = "<group>"; };
		06A284E62C33F8D4008387C1 /* ListTableViewCell.swift */ = {isa = PBXFileReference; lastKnownFileType = sourcecode.swift; path = ListTableViewCell.swift; sourceTree = "<group>"; };
		06A284E82C340098008387C1 /* Color+.swift */ = {isa = PBXFileReference; lastKnownFileType = sourcecode.swift; path = "Color+.swift"; sourceTree = "<group>"; };
		06A284EB2C3400E7008387C1 /* MainTitle.swift */ = {isa = PBXFileReference; lastKnownFileType = sourcecode.swift; path = MainTitle.swift; sourceTree = "<group>"; };
		06A284ED2C3402D7008387C1 /* TodoListModel.swift */ = {isa = PBXFileReference; lastKnownFileType = sourcecode.swift; path = TodoListModel.swift; sourceTree = "<group>"; };
		06A284EF2C341A64008387C1 /* AddTodoViewController.swift */ = {isa = PBXFileReference; lastKnownFileType = sourcecode.swift; path = AddTodoViewController.swift; sourceTree = "<group>"; };
		06A284F12C34204C008387C1 /* Placeholder.swift */ = {isa = PBXFileReference; lastKnownFileType = sourcecode.swift; path = Placeholder.swift; sourceTree = "<group>"; };
		06D5CF8E2C3451C50093E55A /* ViewController+.swift */ = {isa = PBXFileReference; lastKnownFileType = sourcecode.swift; path = "ViewController+.swift"; sourceTree = "<group>"; };
		06D5CF932C358AEE0093E55A /* MainListViewController.swift */ = {isa = PBXFileReference; lastKnownFileType = sourcecode.swift; path = MainListViewController.swift; sourceTree = "<group>"; };
		06D5CF952C358EDD0093E55A /* AddTodoTableViewCell.swift */ = {isa = PBXFileReference; lastKnownFileType = sourcecode.swift; path = AddTodoTableViewCell.swift; sourceTree = "<group>"; };
		06D5CF972C358F5E0093E55A /* Image+.swift */ = {isa = PBXFileReference; lastKnownFileType = sourcecode.swift; path = "Image+.swift"; sourceTree = "<group>"; };
		06D5CF992C35910B0093E55A /* AddTodoTitle.swift */ = {isa = PBXFileReference; lastKnownFileType = sourcecode.swift; path = AddTodoTitle.swift; sourceTree = "<group>"; };
		06D5CF9B2C3596A80093E55A /* OptionAddTodoViewController.swift */ = {isa = PBXFileReference; lastKnownFileType = sourcecode.swift; path = OptionAddTodoViewController.swift; sourceTree = "<group>"; };
		06D5CF9E2C35970A0093E55A /* OptionAddTodoView.swift */ = {isa = PBXFileReference; lastKnownFileType = sourcecode.swift; path = OptionAddTodoView.swift; sourceTree = "<group>"; };
/* End PBXFileReference section */

/* Begin PBXFrameworksBuildPhase section */
		06A284AE2C33EE66008387C1 /* Frameworks */ = {
			isa = PBXFrameworksBuildPhase;
			buildActionMask = 2147483647;
			files = (
				06A284E32C33F0E8008387C1 /* SnapKit in Frameworks */,
				06A284F52C345153008387C1 /* IQKeyboardManagerSwift in Frameworks */,
				06A284E02C33F0DB008387C1 /* RealmSwift in Frameworks */,
				06A284DD2C33F0B5008387C1 /* Then in Frameworks */,
			);
			runOnlyForDeploymentPostprocessing = 0;
		};
/* End PBXFrameworksBuildPhase section */

/* Begin PBXGroup section */
		06A284A82C33EE66008387C1 = {
			isa = PBXGroup;
			children = (
				06A284C82C33EE91008387C1 /* .gitignore */,
				06A284B32C33EE66008387C1 /* ReminderProject */,
				06A284B22C33EE66008387C1 /* Products */,
			);
			sourceTree = "<group>";
		};
		06A284B22C33EE66008387C1 /* Products */ = {
			isa = PBXGroup;
			children = (
				06A284B12C33EE66008387C1 /* ReminderProject.app */,
			);
			name = Products;
			sourceTree = "<group>";
		};
		06A284B32C33EE66008387C1 /* ReminderProject */ = {
			isa = PBXGroup;
			children = (
				06A284B42C33EE66008387C1 /* AppDelegate.swift */,
				06A284B62C33EE66008387C1 /* SceneDelegate.swift */,
				06A284EA2C3400D1008387C1 /* Enum */,
				06A284D42C33F013008387C1 /* Base */,
				06A284CF2C33EFC4008387C1 /* Extension+ */,
				06A284CC2C33EF8C008387C1 /* Model */,
				06A284CB2C33EF86008387C1 /* Cell */,
				06D5CF9D2C3596DB0093E55A /* View */,
				06A284CA2C33EF7B008387C1 /* Controller */,
				06A284BD2C33EE67008387C1 /* Assets.xcassets */,
				06A284BF2C33EE67008387C1 /* LaunchScreen.storyboard */,
				06A284C22C33EE67008387C1 /* Info.plist */,
			);
			path = ReminderProject;
			sourceTree = "<group>";
		};
		06A284CA2C33EF7B008387C1 /* Controller */ = {
			isa = PBXGroup;
			children = (
				06D5CF932C358AEE0093E55A /* MainListViewController.swift */,
				06A284CD2C33EFB8008387C1 /* ListViewController.swift */,
				06A284EF2C341A64008387C1 /* AddTodoViewController.swift */,
				06D5CF9B2C3596A80093E55A /* OptionAddTodoViewController.swift */,
			);
			path = Controller;
			sourceTree = "<group>";
		};
		06A284CB2C33EF86008387C1 /* Cell */ = {
			isa = PBXGroup;
			children = (
				06A284E62C33F8D4008387C1 /* ListTableViewCell.swift */,
				06D5CF952C358EDD0093E55A /* AddTodoTableViewCell.swift */,
			);
			path = Cell;
			sourceTree = "<group>";
		};
		06A284CC2C33EF8C008387C1 /* Model */ = {
			isa = PBXGroup;
			children = (
				06A284ED2C3402D7008387C1 /* TodoListModel.swift */,
			);
			path = Model;
			sourceTree = "<group>";
		};
		06A284CF2C33EFC4008387C1 /* Extension+ */ = {
			isa = PBXGroup;
			children = (
				06A284D22C33F005008387C1 /* ReuseIdentifier+.swift */,
				06D5CF972C358F5E0093E55A /* Image+.swift */,
				06A284E82C340098008387C1 /* Color+.swift */,
				06D5CF8E2C3451C50093E55A /* ViewController+.swift */,
			);
			path = "Extension+";
			sourceTree = "<group>";
		};
		06A284D42C33F013008387C1 /* Base */ = {
			isa = PBXGroup;
			children = (
				06A284D52C33F021008387C1 /* BaseView.swift */,
				06A284D72C33F02B008387C1 /* BaseViewController.swift */,
				06A284D92C33F042008387C1 /* BaseTableViewCell.swift */,
			);
			path = Base;
			sourceTree = "<group>";
		};
		06A284EA2C3400D1008387C1 /* Enum */ = {
			isa = PBXGroup;
			children = (
				06A284EB2C3400E7008387C1 /* MainTitle.swift */,
				06A284F12C34204C008387C1 /* Placeholder.swift */,
				06D5CF992C35910B0093E55A /* AddTodoTitle.swift */,
			);
			path = Enum;
			sourceTree = "<group>";
		};
		06D5CF9D2C3596DB0093E55A /* View */ = {
			isa = PBXGroup;
			children = (
				06D5CF9E2C35970A0093E55A /* OptionAddTodoView.swift */,
			);
			path = View;
			sourceTree = "<group>";
		};
/* End PBXGroup section */

/* Begin PBXNativeTarget section */
		06A284B02C33EE66008387C1 /* ReminderProject */ = {
			isa = PBXNativeTarget;
			buildConfigurationList = 06A284C52C33EE67008387C1 /* Build configuration list for PBXNativeTarget "ReminderProject" */;
			buildPhases = (
				06A284AD2C33EE66008387C1 /* Sources */,
				06A284AE2C33EE66008387C1 /* Frameworks */,
				06A284AF2C33EE66008387C1 /* Resources */,
				06A284E52C33F11A008387C1 /* Embed Frameworks */,
			);
			buildRules = (
			);
			dependencies = (
			);
			name = ReminderProject;
			packageProductDependencies = (
				06A284DC2C33F0B5008387C1 /* Then */,
				06A284DF2C33F0DB008387C1 /* RealmSwift */,
				06A284E22C33F0E8008387C1 /* SnapKit */,
				06A284F42C345153008387C1 /* IQKeyboardManagerSwift */,
			);
			productName = ReminderProject;
			productReference = 06A284B12C33EE66008387C1 /* ReminderProject.app */;
			productType = "com.apple.product-type.application";
		};
/* End PBXNativeTarget section */

/* Begin PBXProject section */
		06A284A92C33EE66008387C1 /* Project object */ = {
			isa = PBXProject;
			attributes = {
				BuildIndependentTargetsInParallel = 1;
				LastSwiftUpdateCheck = 1540;
				LastUpgradeCheck = 1540;
				TargetAttributes = {
					06A284B02C33EE66008387C1 = {
						CreatedOnToolsVersion = 15.4;
					};
				};
			};
			buildConfigurationList = 06A284AC2C33EE66008387C1 /* Build configuration list for PBXProject "ReminderProject" */;
			compatibilityVersion = "Xcode 14.0";
			developmentRegion = en;
			hasScannedForEncodings = 0;
			knownRegions = (
				en,
				Base,
			);
			mainGroup = 06A284A82C33EE66008387C1;
			packageReferences = (
				06A284DB2C33F0B5008387C1 /* XCRemoteSwiftPackageReference "Then" */,
				06A284DE2C33F0DB008387C1 /* XCRemoteSwiftPackageReference "realm-swift" */,
				06A284E12C33F0E8008387C1 /* XCRemoteSwiftPackageReference "SnapKit" */,
				06A284F32C345153008387C1 /* XCRemoteSwiftPackageReference "IQKeyboardManager" */,
			);
			productRefGroup = 06A284B22C33EE66008387C1 /* Products */;
			projectDirPath = "";
			projectRoot = "";
			targets = (
				06A284B02C33EE66008387C1 /* ReminderProject */,
			);
		};
/* End PBXProject section */

/* Begin PBXResourcesBuildPhase section */
		06A284AF2C33EE66008387C1 /* Resources */ = {
			isa = PBXResourcesBuildPhase;
			buildActionMask = 2147483647;
			files = (
				06A284C92C33EE91008387C1 /* .gitignore in Resources */,
				06A284BE2C33EE67008387C1 /* Assets.xcassets in Resources */,
				06A284C12C33EE67008387C1 /* Base in Resources */,
			);
			runOnlyForDeploymentPostprocessing = 0;
		};
/* End PBXResourcesBuildPhase section */

/* Begin PBXSourcesBuildPhase section */
		06A284AD2C33EE66008387C1 /* Sources */ = {
			isa = PBXSourcesBuildPhase;
			buildActionMask = 2147483647;
			files = (
				06A284DA2C33F042008387C1 /* BaseTableViewCell.swift in Sources */,
				06A284E92C340098008387C1 /* Color+.swift in Sources */,
				06A284E72C33F8D4008387C1 /* ListTableViewCell.swift in Sources */,
				06D5CF982C358F5E0093E55A /* Image+.swift in Sources */,
				06D5CF9C2C3596A80093E55A /* OptionAddTodoViewController.swift in Sources */,
				06D5CF9F2C35970A0093E55A /* OptionAddTodoView.swift in Sources */,
				06D5CF942C358AEE0093E55A /* MainListViewController.swift in Sources */,
				06A284EC2C3400E7008387C1 /* MainTitle.swift in Sources */,
				06A284F02C341A64008387C1 /* AddTodoViewController.swift in Sources */,
				06A284F22C34204C008387C1 /* Placeholder.swift in Sources */,
				06D5CF962C358EDD0093E55A /* AddTodoTableViewCell.swift in Sources */,
				06A284B52C33EE66008387C1 /* AppDelegate.swift in Sources */,
				06A284B72C33EE66008387C1 /* SceneDelegate.swift in Sources */,
				06D5CF8F2C3451C50093E55A /* ViewController+.swift in Sources */,
				06D5CF9A2C35910B0093E55A /* AddTodoTitle.swift in Sources */,
				06A284D62C33F021008387C1 /* BaseView.swift in Sources */,
				06A284CE2C33EFB8008387C1 /* ListViewController.swift in Sources */,
				06A284D82C33F02B008387C1 /* BaseViewController.swift in Sources */,
				06A284D32C33F005008387C1 /* ReuseIdentifier+.swift in Sources */,
				06A284EE2C3402D7008387C1 /* TodoListModel.swift in Sources */,
			);
			runOnlyForDeploymentPostprocessing = 0;
		};
/* End PBXSourcesBuildPhase section */

/* Begin PBXVariantGroup section */
		06A284BF2C33EE67008387C1 /* LaunchScreen.storyboard */ = {
			isa = PBXVariantGroup;
			children = (
				06A284C02C33EE67008387C1 /* Base */,
			);
			name = LaunchScreen.storyboard;
			sourceTree = "<group>";
		};
/* End PBXVariantGroup section */

/* Begin XCBuildConfiguration section */
		06A284C32C33EE67008387C1 /* Debug */ = {
			isa = XCBuildConfiguration;
			buildSettings = {
				ALWAYS_SEARCH_USER_PATHS = NO;
				ASSETCATALOG_COMPILER_GENERATE_SWIFT_ASSET_SYMBOL_EXTENSIONS = YES;
				CLANG_ANALYZER_NONNULL = YES;
				CLANG_ANALYZER_NUMBER_OBJECT_CONVERSION = YES_AGGRESSIVE;
				CLANG_CXX_LANGUAGE_STANDARD = "gnu++20";
				CLANG_ENABLE_MODULES = YES;
				CLANG_ENABLE_OBJC_ARC = YES;
				CLANG_ENABLE_OBJC_WEAK = YES;
				CLANG_WARN_BLOCK_CAPTURE_AUTORELEASING = YES;
				CLANG_WARN_BOOL_CONVERSION = YES;
				CLANG_WARN_COMMA = YES;
				CLANG_WARN_CONSTANT_CONVERSION = YES;
				CLANG_WARN_DEPRECATED_OBJC_IMPLEMENTATIONS = YES;
				CLANG_WARN_DIRECT_OBJC_ISA_USAGE = YES_ERROR;
				CLANG_WARN_DOCUMENTATION_COMMENTS = YES;
				CLANG_WARN_EMPTY_BODY = YES;
				CLANG_WARN_ENUM_CONVERSION = YES;
				CLANG_WARN_INFINITE_RECURSION = YES;
				CLANG_WARN_INT_CONVERSION = YES;
				CLANG_WARN_NON_LITERAL_NULL_CONVERSION = YES;
				CLANG_WARN_OBJC_IMPLICIT_RETAIN_SELF = YES;
				CLANG_WARN_OBJC_LITERAL_CONVERSION = YES;
				CLANG_WARN_OBJC_ROOT_CLASS = YES_ERROR;
				CLANG_WARN_QUOTED_INCLUDE_IN_FRAMEWORK_HEADER = YES;
				CLANG_WARN_RANGE_LOOP_ANALYSIS = YES;
				CLANG_WARN_STRICT_PROTOTYPES = YES;
				CLANG_WARN_SUSPICIOUS_MOVE = YES;
				CLANG_WARN_UNGUARDED_AVAILABILITY = YES_AGGRESSIVE;
				CLANG_WARN_UNREACHABLE_CODE = YES;
				CLANG_WARN__DUPLICATE_METHOD_MATCH = YES;
				COPY_PHASE_STRIP = NO;
				DEBUG_INFORMATION_FORMAT = dwarf;
				ENABLE_STRICT_OBJC_MSGSEND = YES;
				ENABLE_TESTABILITY = YES;
				ENABLE_USER_SCRIPT_SANDBOXING = YES;
				GCC_C_LANGUAGE_STANDARD = gnu17;
				GCC_DYNAMIC_NO_PIC = NO;
				GCC_NO_COMMON_BLOCKS = YES;
				GCC_OPTIMIZATION_LEVEL = 0;
				GCC_PREPROCESSOR_DEFINITIONS = (
					"DEBUG=1",
					"$(inherited)",
				);
				GCC_WARN_64_TO_32_BIT_CONVERSION = YES;
				GCC_WARN_ABOUT_RETURN_TYPE = YES_ERROR;
				GCC_WARN_UNDECLARED_SELECTOR = YES;
				GCC_WARN_UNINITIALIZED_AUTOS = YES_AGGRESSIVE;
				GCC_WARN_UNUSED_FUNCTION = YES;
				GCC_WARN_UNUSED_VARIABLE = YES;
				IPHONEOS_DEPLOYMENT_TARGET = 17.5;
				LOCALIZATION_PREFERS_STRING_CATALOGS = YES;
				MTL_ENABLE_DEBUG_INFO = INCLUDE_SOURCE;
				MTL_FAST_MATH = YES;
				ONLY_ACTIVE_ARCH = YES;
				SDKROOT = iphoneos;
				SWIFT_ACTIVE_COMPILATION_CONDITIONS = "DEBUG $(inherited)";
				SWIFT_OPTIMIZATION_LEVEL = "-Onone";
			};
			name = Debug;
		};
		06A284C42C33EE67008387C1 /* Release */ = {
			isa = XCBuildConfiguration;
			buildSettings = {
				ALWAYS_SEARCH_USER_PATHS = NO;
				ASSETCATALOG_COMPILER_GENERATE_SWIFT_ASSET_SYMBOL_EXTENSIONS = YES;
				CLANG_ANALYZER_NONNULL = YES;
				CLANG_ANALYZER_NUMBER_OBJECT_CONVERSION = YES_AGGRESSIVE;
				CLANG_CXX_LANGUAGE_STANDARD = "gnu++20";
				CLANG_ENABLE_MODULES = YES;
				CLANG_ENABLE_OBJC_ARC = YES;
				CLANG_ENABLE_OBJC_WEAK = YES;
				CLANG_WARN_BLOCK_CAPTURE_AUTORELEASING = YES;
				CLANG_WARN_BOOL_CONVERSION = YES;
				CLANG_WARN_COMMA = YES;
				CLANG_WARN_CONSTANT_CONVERSION = YES;
				CLANG_WARN_DEPRECATED_OBJC_IMPLEMENTATIONS = YES;
				CLANG_WARN_DIRECT_OBJC_ISA_USAGE = YES_ERROR;
				CLANG_WARN_DOCUMENTATION_COMMENTS = YES;
				CLANG_WARN_EMPTY_BODY = YES;
				CLANG_WARN_ENUM_CONVERSION = YES;
				CLANG_WARN_INFINITE_RECURSION = YES;
				CLANG_WARN_INT_CONVERSION = YES;
				CLANG_WARN_NON_LITERAL_NULL_CONVERSION = YES;
				CLANG_WARN_OBJC_IMPLICIT_RETAIN_SELF = YES;
				CLANG_WARN_OBJC_LITERAL_CONVERSION = YES;
				CLANG_WARN_OBJC_ROOT_CLASS = YES_ERROR;
				CLANG_WARN_QUOTED_INCLUDE_IN_FRAMEWORK_HEADER = YES;
				CLANG_WARN_RANGE_LOOP_ANALYSIS = YES;
				CLANG_WARN_STRICT_PROTOTYPES = YES;
				CLANG_WARN_SUSPICIOUS_MOVE = YES;
				CLANG_WARN_UNGUARDED_AVAILABILITY = YES_AGGRESSIVE;
				CLANG_WARN_UNREACHABLE_CODE = YES;
				CLANG_WARN__DUPLICATE_METHOD_MATCH = YES;
				COPY_PHASE_STRIP = NO;
				DEBUG_INFORMATION_FORMAT = "dwarf-with-dsym";
				ENABLE_NS_ASSERTIONS = NO;
				ENABLE_STRICT_OBJC_MSGSEND = YES;
				ENABLE_USER_SCRIPT_SANDBOXING = YES;
				GCC_C_LANGUAGE_STANDARD = gnu17;
				GCC_NO_COMMON_BLOCKS = YES;
				GCC_WARN_64_TO_32_BIT_CONVERSION = YES;
				GCC_WARN_ABOUT_RETURN_TYPE = YES_ERROR;
				GCC_WARN_UNDECLARED_SELECTOR = YES;
				GCC_WARN_UNINITIALIZED_AUTOS = YES_AGGRESSIVE;
				GCC_WARN_UNUSED_FUNCTION = YES;
				GCC_WARN_UNUSED_VARIABLE = YES;
				IPHONEOS_DEPLOYMENT_TARGET = 17.5;
				LOCALIZATION_PREFERS_STRING_CATALOGS = YES;
				MTL_ENABLE_DEBUG_INFO = NO;
				MTL_FAST_MATH = YES;
				SDKROOT = iphoneos;
				SWIFT_COMPILATION_MODE = wholemodule;
				VALIDATE_PRODUCT = YES;
			};
			name = Release;
		};
		06A284C62C33EE67008387C1 /* Debug */ = {
			isa = XCBuildConfiguration;
			buildSettings = {
				ASSETCATALOG_COMPILER_APPICON_NAME = AppIcon;
				ASSETCATALOG_COMPILER_GLOBAL_ACCENT_COLOR_NAME = AccentColor;
				CODE_SIGN_STYLE = Automatic;
				CURRENT_PROJECT_VERSION = 1;
				DEVELOPMENT_TEAM = G9LS4YQCM2;
				GENERATE_INFOPLIST_FILE = YES;
				INFOPLIST_FILE = ReminderProject/Info.plist;
				INFOPLIST_KEY_CFBundleDisplayName = Reminder;
				INFOPLIST_KEY_UIApplicationSupportsIndirectInputEvents = YES;
				INFOPLIST_KEY_UILaunchStoryboardName = LaunchScreen;
				INFOPLIST_KEY_UISupportedInterfaceOrientations = UIInterfaceOrientationPortrait;
				INFOPLIST_KEY_UISupportedInterfaceOrientations_iPad = "UIInterfaceOrientationLandscapeLeft UIInterfaceOrientationLandscapeRight UIInterfaceOrientationPortrait UIInterfaceOrientationPortraitUpsideDown";
				INFOPLIST_KEY_UIUserInterfaceStyle = Light;
				IPHONEOS_DEPLOYMENT_TARGET = 16;
				LD_RUNPATH_SEARCH_PATHS = (
					"$(inherited)",
					"@executable_path/Frameworks",
				);
				MARKETING_VERSION = 1.0;
				PRODUCT_BUNDLE_IDENTIFIER = com.Sixteenis.ReminderProject;
				PRODUCT_NAME = "$(TARGET_NAME)";
				SUPPORTED_PLATFORMS = "iphoneos iphonesimulator";
				SUPPORTS_MACCATALYST = NO;
				SUPPORTS_MAC_DESIGNED_FOR_IPHONE_IPAD = NO;
				SUPPORTS_XR_DESIGNED_FOR_IPHONE_IPAD = NO;
				SWIFT_EMIT_LOC_STRINGS = YES;
				SWIFT_VERSION = 5.0;
				TARGETED_DEVICE_FAMILY = 1;
			};
			name = Debug;
		};
		06A284C72C33EE67008387C1 /* Release */ = {
			isa = XCBuildConfiguration;
			buildSettings = {
				ASSETCATALOG_COMPILER_APPICON_NAME = AppIcon;
				ASSETCATALOG_COMPILER_GLOBAL_ACCENT_COLOR_NAME = AccentColor;
				CODE_SIGN_STYLE = Automatic;
				CURRENT_PROJECT_VERSION = 1;
				DEVELOPMENT_TEAM = G9LS4YQCM2;
				GENERATE_INFOPLIST_FILE = YES;
				INFOPLIST_FILE = ReminderProject/Info.plist;
				INFOPLIST_KEY_CFBundleDisplayName = Reminder;
				INFOPLIST_KEY_UIApplicationSupportsIndirectInputEvents = YES;
				INFOPLIST_KEY_UILaunchStoryboardName = LaunchScreen;
				INFOPLIST_KEY_UISupportedInterfaceOrientations = UIInterfaceOrientationPortrait;
				INFOPLIST_KEY_UISupportedInterfaceOrientations_iPad = "UIInterfaceOrientationLandscapeLeft UIInterfaceOrientationLandscapeRight UIInterfaceOrientationPortrait UIInterfaceOrientationPortraitUpsideDown";
				INFOPLIST_KEY_UIUserInterfaceStyle = Light;
				IPHONEOS_DEPLOYMENT_TARGET = 16;
				LD_RUNPATH_SEARCH_PATHS = (
					"$(inherited)",
					"@executable_path/Frameworks",
				);
				MARKETING_VERSION = 1.0;
				PRODUCT_BUNDLE_IDENTIFIER = com.Sixteenis.ReminderProject;
				PRODUCT_NAME = "$(TARGET_NAME)";
				SUPPORTED_PLATFORMS = "iphoneos iphonesimulator";
				SUPPORTS_MACCATALYST = NO;
				SUPPORTS_MAC_DESIGNED_FOR_IPHONE_IPAD = NO;
				SUPPORTS_XR_DESIGNED_FOR_IPHONE_IPAD = NO;
				SWIFT_EMIT_LOC_STRINGS = YES;
				SWIFT_VERSION = 5.0;
				TARGETED_DEVICE_FAMILY = 1;
			};
			name = Release;
		};
/* End XCBuildConfiguration section */

/* Begin XCConfigurationList section */
		06A284AC2C33EE66008387C1 /* Build configuration list for PBXProject "ReminderProject" */ = {
			isa = XCConfigurationList;
			buildConfigurations = (
				06A284C32C33EE67008387C1 /* Debug */,
				06A284C42C33EE67008387C1 /* Release */,
			);
			defaultConfigurationIsVisible = 0;
			defaultConfigurationName = Release;
		};
		06A284C52C33EE67008387C1 /* Build configuration list for PBXNativeTarget "ReminderProject" */ = {
			isa = XCConfigurationList;
			buildConfigurations = (
				06A284C62C33EE67008387C1 /* Debug */,
				06A284C72C33EE67008387C1 /* Release */,
			);
			defaultConfigurationIsVisible = 0;
			defaultConfigurationName = Release;
		};
/* End XCConfigurationList section */

/* Begin XCRemoteSwiftPackageReference section */
		06A284DB2C33F0B5008387C1 /* XCRemoteSwiftPackageReference "Then" */ = {
			isa = XCRemoteSwiftPackageReference;
			repositoryURL = "https://github.com/devxoul/Then.git";
			requirement = {
				kind = upToNextMajorVersion;
				minimumVersion = 3.0.0;
			};
		};
		06A284DE2C33F0DB008387C1 /* XCRemoteSwiftPackageReference "realm-swift" */ = {
			isa = XCRemoteSwiftPackageReference;
			repositoryURL = "https://github.com/realm/realm-swift.git";
			requirement = {
				branch = master;
				kind = branch;
			};
		};
		06A284E12C33F0E8008387C1 /* XCRemoteSwiftPackageReference "SnapKit" */ = {
			isa = XCRemoteSwiftPackageReference;
			repositoryURL = "https://github.com/SnapKit/SnapKit.git";
			requirement = {
				kind = upToNextMajorVersion;
				minimumVersion = 5.7.1;
			};
		};
		06A284F32C345153008387C1 /* XCRemoteSwiftPackageReference "IQKeyboardManager" */ = {
			isa = XCRemoteSwiftPackageReference;
			repositoryURL = "https://github.com/hackiftekhar/IQKeyboardManager.git";
			requirement = {
				kind = upToNextMajorVersion;
				minimumVersion = 7.0.3;
			};
		};
/* End XCRemoteSwiftPackageReference section */

/* Begin XCSwiftPackageProductDependency section */
		06A284DC2C33F0B5008387C1 /* Then */ = {
			isa = XCSwiftPackageProductDependency;
			package = 06A284DB2C33F0B5008387C1 /* XCRemoteSwiftPackageReference "Then" */;
			productName = Then;
		};
		06A284DF2C33F0DB008387C1 /* RealmSwift */ = {
			isa = XCSwiftPackageProductDependency;
			package = 06A284DE2C33F0DB008387C1 /* XCRemoteSwiftPackageReference "realm-swift" */;
			productName = RealmSwift;
		};
		06A284E22C33F0E8008387C1 /* SnapKit */ = {
			isa = XCSwiftPackageProductDependency;
			package = 06A284E12C33F0E8008387C1 /* XCRemoteSwiftPackageReference "SnapKit" */;
			productName = SnapKit;
		};
		06A284F42C345153008387C1 /* IQKeyboardManagerSwift */ = {
			isa = XCSwiftPackageProductDependency;
			package = 06A284F32C345153008387C1 /* XCRemoteSwiftPackageReference "IQKeyboardManager" */;
			productName = IQKeyboardManagerSwift;
		};
/* End XCSwiftPackageProductDependency section */
	};
	rootObject = 06A284A92C33EE66008387C1 /* Project object */;
}
